
Microsoft Visual Studio Solution File, Format Version 12.00
# Visual Studio Version 17
VisualStudioVersion = 17.7.34031.279
MinimumVisualStudioVersion = 10.0.40219.1
Project("{FAE04EC0-301F-11D3-BF4B-00C04F79EFBC}") = "IOperations", "IOperations\IOperations.csproj", "{D876068E-0FF0-425D-AC9F-6137DC512494}"
EndProject
Project("{FAE04EC0-301F-11D3-BF4B-00C04F79EFBC}") = "ClassLibrary1", "ClassLibrary1\ClassLibrary1.csproj", "{1134096C-34F4-4C7C-884E-3BB442F1F3C2}"
EndProject
Global
	GlobalSection(SolutionConfigurationPlatforms) = preSolution
		Debug|Any CPU = Debug|Any CPU
		Release|Any CPU = Release|Any CPU
	EndGlobalSection
	GlobalSection(ProjectConfigurationPlatforms) = postSolution
		{D876068E-0FF0-425D-AC9F-6137DC512494}.Debug|Any CPU.ActiveCfg = Debug|Any CPU
		{D876068E-0FF0-425D-AC9F-6137DC512494}.Debug|Any CPU.Build.0 = Debug|Any CPU
		{D876068E-0FF0-425D-AC9F-6137DC512494}.Release|Any CPU.ActiveCfg = Release|Any CPU
		{D876068E-0FF0-425D-AC9F-6137DC512494}.Release|Any CPU.Build.0 = Release|Any CPU
		{1134096C-34F4-4C7C-884E-3BB442F1F3C2}.Debug|Any CPU.ActiveCfg = Debug|Any CPU
		{1134096C-34F4-4C7C-884E-3BB442F1F3C2}.Debug|Any CPU.Build.0 = Debug|Any CPU
		{1134096C-34F4-4C7C-884E-3BB442F1F3C2}.Release|Any CPU.ActiveCfg = Release|Any CPU
		{1134096C-34F4-4C7C-884E-3BB442F1F3C2}.Release|Any CPU.Build.0 = Release|Any CPU
	EndGlobalSection
	GlobalSection(SolutionProperties) = preSolution
		HideSolutionNode = FALSE
	EndGlobalSection
	GlobalSection(ExtensibilityGlobals) = postSolution
		SolutionGuid = {B917A8AF-A125-4B0C-8E7B-855FE1BC5C5C}
	EndGlobalSection
EndGlobal
